
Microsoft Visual Studio Solution File, Format Version 12.00
# Visual Studio Version 16
VisualStudioVersion = 16.0.30225.117
MinimumVisualStudioVersion = 10.0.40219.1
Project("{FAE04EC0-301F-11D3-BF4B-00C04F79EFBC}") = "SalesWebMvc", "SalesWebMvc\SalesWebMvc.csproj", "{3A8ED8E2-2864-46FE-87DD-3CA46306D103}"
EndProject
Global
	GlobalSection(SolutionConfigurationPlatforms) = preSolution
		Debug|Any CPU = Debug|Any CPU
		Release|Any CPU = Release|Any CPU
	EndGlobalSection
	GlobalSection(ProjectConfigurationPlatforms) = postSolution
		{3A8ED8E2-2864-46FE-87DD-3CA46306D103}.Debug|Any CPU.ActiveCfg = Debug|Any CPU
		{3A8ED8E2-2864-46FE-87DD-3CA46306D103}.Debug|Any CPU.Build.0 = Debug|Any CPU
		{3A8ED8E2-2864-46FE-87DD-3CA46306D103}.Release|Any CPU.ActiveCfg = Release|Any CPU
		{3A8ED8E2-2864-46FE-87DD-3CA46306D103}.Release|Any CPU.Build.0 = Release|Any CPU
	EndGlobalSection
	GlobalSection(SolutionProperties) = preSolution
		HideSolutionNode = FALSE
	EndGlobalSection
	GlobalSection(ExtensibilityGlobals) = postSolution
		SolutionGuid = {86C4D8D7-2DA8-44DA-8228-F00FE52BFF96}
	EndGlobalSection
EndGlobal
